// !$*UTF8*$!
{
	archiveVersion = 1;
	classes = {
	};
	objectVersion = 50;
	objects = {

/* Begin PBXBuildFile section */
		8450776B222D48170089F711 /* InsertViewController.swift in Sources */ = {isa = PBXBuildFile; fileRef = 8450776A222D48170089F711 /* InsertViewController.swift */; };
		849B2C66222CE42F007CA328 /* AppDelegate.swift in Sources */ = {isa = PBXBuildFile; fileRef = 849B2C65222CE42F007CA328 /* AppDelegate.swift */; };
		849B2C68222CE42F007CA328 /* ViewController.swift in Sources */ = {isa = PBXBuildFile; fileRef = 849B2C67222CE42F007CA328 /* ViewController.swift */; };
		849B2C6B222CE42F007CA328 /* Main.storyboard in Resources */ = {isa = PBXBuildFile; fileRef = 849B2C69222CE42F007CA328 /* Main.storyboard */; };
		849B2C6E222CE430007CA328 /* test_sql.xcdatamodeld in Sources */ = {isa = PBXBuildFile; fileRef = 849B2C6C222CE430007CA328 /* test_sql.xcdatamodeld */; };
		849B2C70222CE442007CA328 /* Assets.xcassets in Resources */ = {isa = PBXBuildFile; fileRef = 849B2C6F222CE442007CA328 /* Assets.xcassets */; };
		849B2C73222CE442007CA328 /* LaunchScreen.storyboard in Resources */ = {isa = PBXBuildFile; fileRef = 849B2C71222CE442007CA328 /* LaunchScreen.storyboard */; };
		849B2C7E222CE443007CA328 /* test_sqlTests.swift in Sources */ = {isa = PBXBuildFile; fileRef = 849B2C7D222CE443007CA328 /* test_sqlTests.swift */; };
		849B2C89222CE444007CA328 /* test_sqlUITests.swift in Sources */ = {isa = PBXBuildFile; fileRef = 849B2C88222CE444007CA328 /* test_sqlUITests.swift */; };
/* End PBXBuildFile section */

/* Begin PBXContainerItemProxy section */
		849B2C7A222CE443007CA328 /* PBXContainerItemProxy */ = {
			isa = PBXContainerItemProxy;
			containerPortal = 849B2C5A222CE42E007CA328 /* Project object */;
			proxyType = 1;
			remoteGlobalIDString = 849B2C61222CE42E007CA328;
			remoteInfo = test_sql;
		};
		849B2C85222CE443007CA328 /* PBXContainerItemProxy */ = {
			isa = PBXContainerItemProxy;
			containerPortal = 849B2C5A222CE42E007CA328 /* Project object */;
			proxyType = 1;
			remoteGlobalIDString = 849B2C61222CE42E007CA328;
			remoteInfo = test_sql;
		};
/* End PBXContainerItemProxy section */

/* Begin PBXFileReference section */
		8450776A222D48170089F711 /* InsertViewController.swift */ = {isa = PBXFileReference; lastKnownFileType = sourcecode.swift; path = InsertViewController.swift; sourceTree = "<group>"; };
		849B2C62222CE42E007CA328 /* test_sql.app */ = {isa = PBXFileReference; explicitFileType = wrapper.application; includeInIndex = 0; path = test_sql.app; sourceTree = BUILT_PRODUCTS_DIR; };
		849B2C65222CE42F007CA328 /* AppDelegate.swift */ = {isa = PBXFileReference; lastKnownFileType = sourcecode.swift; path = AppDelegate.swift; sourceTree = "<group>"; };
		849B2C67222CE42F007CA328 /* ViewController.swift */ = {isa = PBXFileReference; lastKnownFileType = sourcecode.swift; path = ViewController.swift; sourceTree = "<group>"; };
		849B2C6A222CE42F007CA328 /* Base */ = {isa = PBXFileReference; lastKnownFileType = file.storyboard; name = Base; path = Base.lproj/Main.storyboard; sourceTree = "<group>"; };
		849B2C6D222CE430007CA328 /* test_sql.xcdatamodel */ = {isa = PBXFileReference; lastKnownFileType = wrapper.xcdatamodel; path = test_sql.xcdatamodel; sourceTree = "<group>"; };
		849B2C6F222CE442007CA328 /* Assets.xcassets */ = {isa = PBXFileReference; lastKnownFileType = folder.assetcatalog; path = Assets.xcassets; sourceTree = "<group>"; };
		849B2C72222CE442007CA328 /* Base */ = {isa = PBXFileReference; lastKnownFileType = file.storyboard; name = Base; path = Base.lproj/LaunchScreen.storyboard; sourceTree = "<group>"; };
		849B2C74222CE442007CA328 /* Info.plist */ = {isa = PBXFileReference; lastKnownFileType = text.plist.xml; path = Info.plist; sourceTree = "<group>"; };
		849B2C79222CE443007CA328 /* test_sqlTests.xctest */ = {isa = PBXFileReference; explicitFileType = wrapper.cfbundle; includeInIndex = 0; path = test_sqlTests.xctest; sourceTree = BUILT_PRODUCTS_DIR; };
		849B2C7D222CE443007CA328 /* test_sqlTests.swift */ = {isa = PBXFileReference; lastKnownFileType = sourcecode.swift; path = test_sqlTests.swift; sourceTree = "<group>"; };
		849B2C7F222CE443007CA328 /* Info.plist */ = {isa = PBXFileReference; lastKnownFileType = text.plist.xml; path = Info.plist; sourceTree = "<group>"; };
		849B2C84222CE443007CA328 /* test_sqlUITests.xctest */ = {isa = PBXFileReference; explicitFileType = wrapper.cfbundle; includeInIndex = 0; path = test_sqlUITests.xctest; sourceTree = BUILT_PRODUCTS_DIR; };
		849B2C88222CE444007CA328 /* test_sqlUITests.swift */ = {isa = PBXFileReference; lastKnownFileType = sourcecode.swift; path = test_sqlUITests.swift; sourceTree = "<group>"; };
		849B2C8A222CE444007CA328 /* Info.plist */ = {isa = PBXFileReference; lastKnownFileType = text.plist.xml; path = Info.plist; sourceTree = "<group>"; };
/* End PBXFileReference section */

/* Begin PBXFrameworksBuildPhase section */
		849B2C5F222CE42E007CA328 /* Frameworks */ = {
			isa = PBXFrameworksBuildPhase;
			buildActionMask = 2147483647;
			files = (
			);
			runOnlyForDeploymentPostprocessing = 0;
		};
		849B2C76222CE443007CA328 /* Frameworks */ = {
			isa = PBXFrameworksBuildPhase;
			buildActionMask = 2147483647;
			files = (
			);
			runOnlyForDeploymentPostprocessing = 0;
		};
		849B2C81222CE443007CA328 /* Frameworks */ = {
			isa = PBXFrameworksBuildPhase;
			buildActionMask = 2147483647;
			files = (
			);
			runOnlyForDeploymentPostprocessing = 0;
		};
/* End PBXFrameworksBuildPhase section */

/* Begin PBXGroup section */
		849B2C59222CE42D007CA328 = {
			isa = PBXGroup;
			children = (
				849B2C64222CE42E007CA328 /* test_sql */,
				849B2C7C222CE443007CA328 /* test_sqlTests */,
				849B2C87222CE443007CA328 /* test_sqlUITests */,
				849B2C63222CE42E007CA328 /* Products */,
			);
			sourceTree = "<group>";
		};
		849B2C63222CE42E007CA328 /* Products */ = {
			isa = PBXGroup;
			children = (
				849B2C62222CE42E007CA328 /* test_sql.app */,
				849B2C79222CE443007CA328 /* test_sqlTests.xctest */,
				849B2C84222CE443007CA328 /* test_sqlUITests.xctest */,
			);
			name = Products;
			sourceTree = "<group>";
		};
		849B2C64222CE42E007CA328 /* test_sql */ = {
			isa = PBXGroup;
			children = (
				849B2C65222CE42F007CA328 /* AppDelegate.swift */,
				849B2C67222CE42F007CA328 /* ViewController.swift */,
				849B2C69222CE42F007CA328 /* Main.storyboard */,
				849B2C6F222CE442007CA328 /* Assets.xcassets */,
				849B2C71222CE442007CA328 /* LaunchScreen.storyboard */,
				849B2C74222CE442007CA328 /* Info.plist */,
				849B2C6C222CE430007CA328 /* test_sql.xcdatamodeld */,
				8450776A222D48170089F711 /* InsertViewController.swift */,
			);
			path = test_sql;
			sourceTree = "<group>";
		};
		849B2C7C222CE443007CA328 /* test_sqlTests */ = {
			isa = PBXGroup;
			children = (
				849B2C7D222CE443007CA328 /* test_sqlTests.swift */,
				849B2C7F222CE443007CA328 /* Info.plist */,
			);
			path = test_sqlTests;
			sourceTree = "<group>";
		};
		849B2C87222CE443007CA328 /* test_sqlUITests */ = {
			isa = PBXGroup;
			children = (
				849B2C88222CE444007CA328 /* test_sqlUITests.swift */,
				849B2C8A222CE444007CA328 /* Info.plist */,
			);
			path = test_sqlUITests;
			sourceTree = "<group>";
		};
/* End PBXGroup section */

/* Begin PBXNativeTarget section */
		849B2C61222CE42E007CA328 /* test_sql */ = {
			isa = PBXNativeTarget;
			buildConfigurationList = 849B2C8D222CE444007CA328 /* Build configuration list for PBXNativeTarget "test_sql" */;
			buildPhases = (
				849B2C5E222CE42E007CA328 /* Sources */,
				849B2C5F222CE42E007CA328 /* Frameworks */,
				849B2C60222CE42E007CA328 /* Resources */,
			);
			buildRules = (
			);
			dependencies = (
			);
			name = test_sql;
			productName = test_sql;
			productReference = 849B2C62222CE42E007CA328 /* test_sql.app */;
			productType = "com.apple.product-type.application";
		};
		849B2C78222CE443007CA328 /* test_sqlTests */ = {
			isa = PBXNativeTarget;
			buildConfigurationList = 849B2C90222CE444007CA328 /* Build configuration list for PBXNativeTarget "test_sqlTests" */;
			buildPhases = (
				849B2C75222CE443007CA328 /* Sources */,
				849B2C76222CE443007CA328 /* Frameworks */,
				849B2C77222CE443007CA328 /* Resources */,
			);
			buildRules = (
			);
			dependencies = (
				849B2C7B222CE443007CA328 /* PBXTargetDependency */,
			);
			name = test_sqlTests;
			productName = test_sqlTests;
			productReference = 849B2C79222CE443007CA328 /* test_sqlTests.xctest */;
			productType = "com.apple.product-type.bundle.unit-test";
		};
		849B2C83222CE443007CA328 /* test_sqlUITests */ = {
			isa = PBXNativeTarget;
			buildConfigurationList = 849B2C93222CE444007CA328 /* Build configuration list for PBXNativeTarget "test_sqlUITests" */;
			buildPhases = (
				849B2C80222CE443007CA328 /* Sources */,
				849B2C81222CE443007CA328 /* Frameworks */,
				849B2C82222CE443007CA328 /* Resources */,
			);
			buildRules = (
			);
			dependencies = (
				849B2C86222CE443007CA328 /* PBXTargetDependency */,
			);
			name = test_sqlUITests;
			productName = test_sqlUITests;
			productReference = 849B2C84222CE443007CA328 /* test_sqlUITests.xctest */;
			productType = "com.apple.product-type.bundle.ui-testing";
		};
/* End PBXNativeTarget section */

/* Begin PBXProject section */
		849B2C5A222CE42E007CA328 /* Project object */ = {
			isa = PBXProject;
			attributes = {
				LastSwiftUpdateCheck = 1010;
				LastUpgradeCheck = 1010;
				ORGANIZATIONNAME = Admin;
				TargetAttributes = {
					849B2C61222CE42E007CA328 = {
						CreatedOnToolsVersion = 10.1;
					};
					849B2C78222CE443007CA328 = {
						CreatedOnToolsVersion = 10.1;
						TestTargetID = 849B2C61222CE42E007CA328;
					};
					849B2C83222CE443007CA328 = {
						CreatedOnToolsVersion = 10.1;
						TestTargetID = 849B2C61222CE42E007CA328;
					};
				};
			};
			buildConfigurationList = 849B2C5D222CE42E007CA328 /* Build configuration list for PBXProject "test_sql" */;
			compatibilityVersion = "Xcode 9.3";
			developmentRegion = en;
			hasScannedForEncodings = 0;
			knownRegions = (
				en,
				Base,
			);
			mainGroup = 849B2C59222CE42D007CA328;
			productRefGroup = 849B2C63222CE42E007CA328 /* Products */;
			projectDirPath = "";
			projectRoot = "";
			targets = (
				849B2C61222CE42E007CA328 /* test_sql */,
				849B2C78222CE443007CA328 /* test_sqlTests */,
				849B2C83222CE443007CA328 /* test_sqlUITests */,
			);
		};
/* End PBXProject section */

/* Begin PBXResourcesBuildPhase section */
		849B2C60222CE42E007CA328 /* Resources */ = {
			isa = PBXResourcesBuildPhase;
			buildActionMask = 2147483647;
			files = (
				849B2C73222CE442007CA328 /* LaunchScreen.storyboard in Resources */,
				849B2C70222CE442007CA328 /* Assets.xcassets in Resources */,
				849B2C6B222CE42F007CA328 /* Main.storyboard in Resources */,
			);
			runOnlyForDeploymentPostprocessing = 0;
		};
		849B2C77222CE443007CA328 /* Resources */ = {
			isa = PBXResourcesBuildPhase;
			buildActionMask = 2147483647;
			files = (
			);
			runOnlyForDeploymentPostprocessing = 0;
		};
		849B2C82222CE443007CA328 /* Resources */ = {
			isa = PBXResourcesBuildPhase;
			buildActionMask = 2147483647;
			files = (
			);
			runOnlyForDeploymentPostprocessing = 0;
		};
/* End PBXResourcesBuildPhase section */

/* Begin PBXSourcesBuildPhase section */
		849B2C5E222CE42E007CA328 /* Sources */ = {
			isa = PBXSourcesBuildPhase;
			buildActionMask = 2147483647;
			files = (
				849B2C68222CE42F007CA328 /* ViewController.swift in Sources */,
				8450776B222D48170089F711 /* InsertViewController.swift in Sources */,
				849B2C66222CE42F007CA328 /* AppDelegate.swift in Sources */,
				849B2C6E222CE430007CA328 /* test_sql.xcdatamodeld in Sources */,
			);
			runOnlyForDeploymentPostprocessing = 0;
		};
		849B2C75222CE443007CA328 /* Sources */ = {
			isa = PBXSourcesBuildPhase;
			buildActionMask = 2147483647;
			files = (
				849B2C7E222CE443007CA328 /* test_sqlTests.swift in Sources */,
			);
			runOnlyForDeploymentPostprocessing = 0;
		};
		849B2C80222CE443007CA328 /* Sources */ = {
			isa = PBXSourcesBuildPhase;
			buildActionMask = 2147483647;
			files = (
				849B2C89222CE444007CA328 /* test_sqlUITests.swift in Sources */,
			);
			runOnlyForDeploymentPostprocessing = 0;
		};
/* End PBXSourcesBuildPhase section */

/* Begin PBXTargetDependency section */
		849B2C7B222CE443007CA328 /* PBXTargetDependency */ = {
			isa = PBXTargetDependency;
			target = 849B2C61222CE42E007CA328 /* test_sql */;
			targetProxy = 849B2C7A222CE443007CA328 /* PBXContainerItemProxy */;
		};
		849B2C86222CE443007CA328 /* PBXTargetDependency */ = {
			isa = PBXTargetDependency;
			target = 849B2C61222CE42E007CA328 /* test_sql */;
			targetProxy = 849B2C85222CE443007CA328 /* PBXContainerItemProxy */;
		};
/* End PBXTargetDependency section */

/* Begin PBXVariantGroup section */
		849B2C69222CE42F007CA328 /* Main.storyboard */ = {
			isa = PBXVariantGroup;
			children = (
				849B2C6A222CE42F007CA328 /* Base */,
			);
			name = Main.storyboard;
			sourceTree = "<group>";
		};
		849B2C71222CE442007CA328 /* LaunchScreen.storyboard */ = {
			isa = PBXVariantGroup;
			children = (
				849B2C72222CE442007CA328 /* Base */,
			);
			name = LaunchScreen.storyboard;
			sourceTree = "<group>";
		};
/* End PBXVariantGroup section */

/* Begin XCBuildConfiguration section */
		849B2C8B222CE444007CA328 /* Debug */ = {
			isa = XCBuildConfiguration;
			buildSettings = {
				ALWAYS_SEARCH_USER_PATHS = NO;
				CLANG_ANALYZER_NONNULL = YES;
				CLANG_ANALYZER_NUMBER_OBJECT_CONVERSION = YES_AGGRESSIVE;
				CLANG_CXX_LANGUAGE_STANDARD = "gnu++14";
				CLANG_CXX_LIBRARY = "libc++";
				CLANG_ENABLE_MODULES = YES;
				CLANG_ENABLE_OBJC_ARC = YES;
				CLANG_ENABLE_OBJC_WEAK = YES;
				CLANG_WARN_BLOCK_CAPTURE_AUTORELEASING = YES;
				CLANG_WARN_BOOL_CONVERSION = YES;
				CLANG_WARN_COMMA = YES;
				CLANG_WARN_CONSTANT_CONVERSION = YES;
				CLANG_WARN_DEPRECATED_OBJC_IMPLEMENTATIONS = YES;
				CLANG_WARN_DIRECT_OBJC_ISA_USAGE = YES_ERROR;
				CLANG_WARN_DOCUMENTATION_COMMENTS = YES;
				CLANG_WARN_EMPTY_BODY = YES;
				CLANG_WARN_ENUM_CONVERSION = YES;
				CLANG_WARN_INFINITE_RECURSION = YES;
				CLANG_WARN_INT_CONVERSION = YES;
				CLANG_WARN_NON_LITERAL_NULL_CONVERSION = YES;
				CLANG_WARN_OBJC_IMPLICIT_RETAIN_SELF = YES;
				CLANG_WARN_OBJC_LITERAL_CONVERSION = YES;
				CLANG_WARN_OBJC_ROOT_CLASS = YES_ERROR;
				CLANG_WARN_RANGE_LOOP_ANALYSIS = YES;
				CLANG_WARN_STRICT_PROTOTYPES = YES;
				CLANG_WARN_SUSPICIOUS_MOVE = YES;
				CLANG_WARN_UNGUARDED_AVAILABILITY = YES_AGGRESSIVE;
				CLANG_WARN_UNREACHABLE_CODE = YES;
				CLANG_WARN__DUPLICATE_METHOD_MATCH = YES;
				CODE_SIGN_IDENTITY = "iPhone Developer";
				COPY_PHASE_STRIP = NO;
				DEBUG_INFORMATION_FORMAT = dwarf;
				ENABLE_STRICT_OBJC_MSGSEND = YES;
				ENABLE_TESTABILITY = YES;
				GCC_C_LANGUAGE_STANDARD = gnu11;
				GCC_DYNAMIC_NO_PIC = NO;
				GCC_NO_COMMON_BLOCKS = YES;
				GCC_OPTIMIZATION_LEVEL = 0;
				GCC_PREPROCESSOR_DEFINITIONS = (
					"DEBUG=1",
					"$(inherited)",
				);
				GCC_WARN_64_TO_32_BIT_CONVERSION = YES;
				GCC_WARN_ABOUT_RETURN_TYPE = YES_ERROR;
				GCC_WARN_UNDECLARED_SELECTOR = YES;
				GCC_WARN_UNINITIALIZED_AUTOS = YES_AGGRESSIVE;
				GCC_WARN_UNUSED_FUNCTION = YES;
				GCC_WARN_UNUSED_VARIABLE = YES;
				IPHONEOS_DEPLOYMENT_TARGET = 12.1;
				MTL_ENABLE_DEBUG_INFO = INCLUDE_SOURCE;
				MTL_FAST_MATH = YES;
				ONLY_ACTIVE_ARCH = YES;
				SDKROOT = iphoneos;
				SWIFT_ACTIVE_COMPILATION_CONDITIONS = DEBUG;
				SWIFT_OPTIMIZATION_LEVEL = "-Onone";
			};
			name = Debug;
		};
		849B2C8C222CE444007CA328 /* Release */ = {
			isa = XCBuildConfiguration;
			buildSettings = {
				ALWAYS_SEARCH_USER_PATHS = NO;
				CLANG_ANALYZER_NONNULL = YES;
				CLANG_ANALYZER_NUMBER_OBJECT_CONVERSION = YES_AGGRESSIVE;
				CLANG_CXX_LANGUAGE_STANDARD = "gnu++14";
				CLANG_CXX_LIBRARY = "libc++";
				CLANG_ENABLE_MODULES = YES;
				CLANG_ENABLE_OBJC_ARC = YES;
				CLANG_ENABLE_OBJC_WEAK = YES;
				CLANG_WARN_BLOCK_CAPTURE_AUTORELEASING = YES;
				CLANG_WARN_BOOL_CONVERSION = YES;
				CLANG_WARN_COMMA = YES;
				CLANG_WARN_CONSTANT_CONVERSION = YES;
				CLANG_WARN_DEPRECATED_OBJC_IMPLEMENTATIONS = YES;
				CLANG_WARN_DIRECT_OBJC_ISA_USAGE = YES_ERROR;
				CLANG_WARN_DOCUMENTATION_COMMENTS = YES;
				CLANG_WARN_EMPTY_BODY = YES;
				CLANG_WARN_ENUM_CONVERSION = YES;
				CLANG_WARN_INFINITE_RECURSION = YES;
				CLANG_WARN_INT_CONVERSION = YES;
				CLANG_WARN_NON_LITERAL_NULL_CONVERSION = YES;
				CLANG_WARN_OBJC_IMPLICIT_RETAIN_SELF = YES;
				CLANG_WARN_OBJC_LITERAL_CONVERSION = YES;
				CLANG_WARN_OBJC_ROOT_CLASS = YES_ERROR;
				CLANG_WARN_RANGE_LOOP_ANALYSIS = YES;
				CLANG_WARN_STRICT_PROTOTYPES = YES;
				CLANG_WARN_SUSPICIOUS_MOVE = YES;
				CLANG_WARN_UNGUARDED_AVAILABILITY = YES_AGGRESSIVE;
				CLANG_WARN_UNREACHABLE_CODE = YES;
				CLANG_WARN__DUPLICATE_METHOD_MATCH = YES;
				CODE_SIGN_IDENTITY = "iPhone Developer";
				COPY_PHASE_STRIP = NO;
				DEBUG_INFORMATION_FORMAT = "dwarf-with-dsym";
				ENABLE_NS_ASSERTIONS = NO;
				ENABLE_STRICT_OBJC_MSGSEND = YES;
				GCC_C_LANGUAGE_STANDARD = gnu11;
				GCC_NO_COMMON_BLOCKS = YES;
				GCC_WARN_64_TO_32_BIT_CONVERSION = YES;
				GCC_WARN_ABOUT_RETURN_TYPE = YES_ERROR;
				GCC_WARN_UNDECLARED_SELECTOR = YES;
				GCC_WARN_UNINITIALIZED_AUTOS = YES_AGGRESSIVE;
				GCC_WARN_UNUSED_FUNCTION = YES;
				GCC_WARN_UNUSED_VARIABLE = YES;
				IPHONEOS_DEPLOYMENT_TARGET = 12.1;
				MTL_ENABLE_DEBUG_INFO = NO;
				MTL_FAST_MATH = YES;
				SDKROOT = iphoneos;
				SWIFT_COMPILATION_MODE = wholemodule;
				SWIFT_OPTIMIZATION_LEVEL = "-O";
				VALIDATE_PRODUCT = YES;
			};
			name = Release;
		};
		849B2C8E222CE444007CA328 /* Debug */ = {
			isa = XCBuildConfiguration;
			buildSettings = {
				ASSETCATALOG_COMPILER_APPICON_NAME = AppIcon;
				CODE_SIGN_STYLE = Automatic;
				INFOPLIST_FILE = test_sql/Info.plist;
				LD_RUNPATH_SEARCH_PATHS = (
					"$(inherited)",
					"@executable_path/Frameworks",
				);
				PRODUCT_BUNDLE_IDENTIFIER = "munilahc.test-sql";
				PRODUCT_NAME = "$(TARGET_NAME)";
				SWIFT_VERSION = 4.2;
				TARGETED_DEVICE_FAMILY = "1,2";
			};
			name = Debug;
		};
		849B2C8F222CE444007CA328 /* Release */ = {
			isa = XCBuildConfiguration;
			buildSettings = {
				ASSETCATALOG_COMPILER_APPICON_NAME = AppIcon;
				CODE_SIGN_STYLE = Automatic;
				INFOPLIST_FILE = test_sql/Info.plist;
				LD_RUNPATH_SEARCH_PATHS = (
					"$(inherited)",
					"@executable_path/Frameworks",
				);
				PRODUCT_BUNDLE_IDENTIFIER = "munilahc.test-sql";
				PRODUCT_NAME = "$(TARGET_NAME)";
				SWIFT_VERSION = 4.2;
				TARGETED_DEVICE_FAMILY = "1,2";
			};
			name = Release;
		};
		849B2C91222CE444007CA328 /* Debug */ = {
			isa = XCBuildConfiguration;
			buildSettings = {
				ALWAYS_EMBED_SWIFT_STANDARD_LIBRARIES = YES;
				BUNDLE_LOADER = "$(TEST_HOST)";
				CODE_SIGN_STYLE = Automatic;
				INFOPLIST_FILE = test_sqlTests/Info.plist;
				LD_RUNPATH_SEARCH_PATHS = (
					"$(inherited)",
					"@executable_path/Frameworks",
					"@loader_path/Frameworks",
				);
				PRODUCT_BUNDLE_IDENTIFIER = "munilahc.test-sqlTests";
				PRODUCT_NAME = "$(TARGET_NAME)";
				SWIFT_VERSION = 4.2;
				TARGETED_DEVICE_FAMILY = "1,2";
				TEST_HOST = "$(BUILT_PRODUCTS_DIR)/test_sql.app/test_sql";
			};
			name = Debug;
		};
		849B2C92222CE444007CA328 /* Release */ = {
			isa = XCBuildConfiguration;
			buildSettings = {
				ALWAYS_EMBED_SWIFT_STANDARD_LIBRARIES = YES;
				BUNDLE_LOADER = "$(TEST_HOST)";
				CODE_SIGN_STYLE = Automatic;
				INFOPLIST_FILE = test_sqlTests/Info.plist;
				LD_RUNPATH_SEARCH_PATHS = (
					"$(inherited)",
					"@executable_path/Frameworks",
					"@loader_path/Frameworks",
				);
				PRODUCT_BUNDLE_IDENTIFIER = "munilahc.test-sqlTests";
				PRODUCT_NAME = "$(TARGET_NAME)";
				SWIFT_VERSION = 4.2;
				TARGETED_DEVICE_FAMILY = "1,2";
				TEST_HOST = "$(BUILT_PRODUCTS_DIR)/test_sql.app/test_sql";
			};
			name = Release;
		};
		849B2C94222CE444007CA328 /* Debug */ = {
			isa = XCBuildConfiguration;
			buildSettings = {
				ALWAYS_EMBED_SWIFT_STANDARD_LIBRARIES = YES;
				CODE_SIGN_STYLE = Automatic;
				INFOPLIST_FILE = test_sqlUITests/Info.plist;
				LD_RUNPATH_SEARCH_PATHS = (
					"$(inherited)",
					"@executable_path/Frameworks",
					"@loader_path/Frameworks",
				);
				PRODUCT_BUNDLE_IDENTIFIER = "munilahc.test-sqlUITests";
				PRODUCT_NAME = "$(TARGET_NAME)";
				SWIFT_VERSION = 4.2;
				TARGETED_DEVICE_FAMILY = "1,2";
				TEST_TARGET_NAME = test_sql;
			};
			name = Debug;
		};
		849B2C95222CE444007CA328 /* Release */ = {
			isa = XCBuildConfiguration;
			buildSettings = {
				ALWAYS_EMBED_SWIFT_STANDARD_LIBRARIES = YES;
				CODE_SIGN_STYLE = Automatic;
				INFOPLIST_FILE = test_sqlUITests/Info.plist;
				LD_RUNPATH_SEARCH_PATHS = (
					"$(inherited)",
					"@executable_path/Frameworks",
					"@loader_path/Frameworks",
				);
				PRODUCT_BUNDLE_IDENTIFIER = "munilahc.test-sqlUITests";
				PRODUCT_NAME = "$(TARGET_NAME)";
				SWIFT_VERSION = 4.2;
				TARGETED_DEVICE_FAMILY = "1,2";
				TEST_TARGET_NAME = test_sql;
			};
			name = Release;
		};
/* End XCBuildConfiguration section */

/* Begin XCConfigurationList section */
		849B2C5D222CE42E007CA328 /* Build configuration list for PBXProject "test_sql" */ = {
			isa = XCConfigurationList;
			buildConfigurations = (
				849B2C8B222CE444007CA328 /* Debug */,
				849B2C8C222CE444007CA328 /* Release */,
			);
			defaultConfigurationIsVisible = 0;
			defaultConfigurationName = Release;
		};
		849B2C8D222CE444007CA328 /* Build configuration list for PBXNativeTarget "test_sql" */ = {
			isa = XCConfigurationList;
			buildConfigurations = (
				849B2C8E222CE444007CA328 /* Debug */,
				849B2C8F222CE444007CA328 /* Release */,
			);
			defaultConfigurationIsVisible = 0;
			defaultConfigurationName = Release;
		};
		849B2C90222CE444007CA328 /* Build configuration list for PBXNativeTarget "test_sqlTests" */ = {
			isa = XCConfigurationList;
			buildConfigurations = (
				849B2C91222CE444007CA328 /* Debug */,
				849B2C92222CE444007CA328 /* Release */,
			);
			defaultConfigurationIsVisible = 0;
			defaultConfigurationName = Release;
		};
		849B2C93222CE444007CA328 /* Build configuration list for PBXNativeTarget "test_sqlUITests" */ = {
			isa = XCConfigurationList;
			buildConfigurations = (
				849B2C94222CE444007CA328 /* Debug */,
				849B2C95222CE444007CA328 /* Release */,
			);
			defaultConfigurationIsVisible = 0;
			defaultConfigurationName = Release;
		};
/* End XCConfigurationList section */

/* Begin XCVersionGroup section */
		849B2C6C222CE430007CA328 /* test_sql.xcdatamodeld */ = {
			isa = XCVersionGroup;
			children = (
				849B2C6D222CE430007CA328 /* test_sql.xcdatamodel */,
			);
			currentVersion = 849B2C6D222CE430007CA328 /* test_sql.xcdatamodel */;
			path = test_sql.xcdatamodeld;
			sourceTree = "<group>";
			versionGroupType = wrapper.xcdatamodel;
		};
/* End XCVersionGroup section */
	};
	rootObject = 849B2C5A222CE42E007CA328 /* Project object */;
}
